
Microsoft Visual Studio Solution File, Format Version 12.00
# Visual Studio Version 17
VisualStudioVersion = 17.7.34018.315
MinimumVisualStudioVersion = 10.0.40219.1
Project("{FAE04EC0-301F-11D3-BF4B-00C04F79EFBC}") = "AnnotationsDemo", "AnnotationsDemo\AnnotationsDemo.csproj", "{BDF239C1-9ABE-4312-81DF-DD3B0C972110}"
EndProject
Global
	GlobalSection(SolutionConfigurationPlatforms) = preSolution
		Debug|Any CPU = Debug|Any CPU
		Release|Any CPU = Release|Any CPU
	EndGlobalSection
	GlobalSection(ProjectConfigurationPlatforms) = postSolution
		{BDF239C1-9ABE-4312-81DF-DD3B0C972110}.Debug|Any CPU.ActiveCfg = Debug|Any CPU
		{BDF239C1-9ABE-4312-81DF-DD3B0C972110}.Debug|Any CPU.Build.0 = Debug|Any CPU
		{BDF239C1-9ABE-4312-81DF-DD3B0C972110}.Release|Any CPU.ActiveCfg = Release|Any CPU
		{BDF239C1-9ABE-4312-81DF-DD3B0C972110}.Release|Any CPU.Build.0 = Release|Any CPU
	EndGlobalSection
	GlobalSection(SolutionProperties) = preSolution
		HideSolutionNode = FALSE
	EndGlobalSection
	GlobalSection(ExtensibilityGlobals) = postSolution
		SolutionGuid = {D460B47C-96C3-48A7-9826-433CF07B805D}
	EndGlobalSection
EndGlobal
